// !$*UTF8*$!
{
	archiveVersion = 1;
	classes = {
	};
	objectVersion = 48;
	objects = {

/* Begin PBXBuildFile section */
		B71D8D2FBF3F528897924191 /* Pods_EthereumVisualizer.framework in Frameworks */ = {isa = PBXBuildFile; fileRef = 2810326D90EE4A2558FEAA1D /* Pods_EthereumVisualizer.framework */; };
		F931917720B3E1EF00583A58 /* ApiClient.swift in Sources */ = {isa = PBXBuildFile; fileRef = F931917620B3E1EF00583A58 /* ApiClient.swift */; };
		F931917A20B3E22D00583A58 /* String.swift in Sources */ = {isa = PBXBuildFile; fileRef = F931917920B3E22D00583A58 /* String.swift */; };
		F931917C20B3E2A800583A58 /* Transaction.swift in Sources */ = {isa = PBXBuildFile; fileRef = F931917B20B3E2A800583A58 /* Transaction.swift */; };
		F931917E20B3E67F00583A58 /* GeneralHelper.swift in Sources */ = {isa = PBXBuildFile; fileRef = F931917D20B3E67F00583A58 /* GeneralHelper.swift */; };
		F931918020B3E68600583A58 /* UIViewController.swift in Sources */ = {isa = PBXBuildFile; fileRef = F931917F20B3E68600583A58 /* UIViewController.swift */; };
		F931918220B3E7D500583A58 /* Constants.swift in Sources */ = {isa = PBXBuildFile; fileRef = F931918120B3E7D500583A58 /* Constants.swift */; };
		F931918420B3E82B00583A58 /* Token.swift in Sources */ = {isa = PBXBuildFile; fileRef = F931918320B3E82B00583A58 /* Token.swift */; };
		F931918620B3F70D00583A58 /* Block.swift in Sources */ = {isa = PBXBuildFile; fileRef = F931918520B3F70D00583A58 /* Block.swift */; };
		F931918820B46FAF00583A58 /* DataViewController.swift in Sources */ = {isa = PBXBuildFile; fileRef = F931918720B46FAF00583A58 /* DataViewController.swift */; };
		F931918B20B4765100583A58 /* TokenTransactionTableCell.swift in Sources */ = {isa = PBXBuildFile; fileRef = F931918A20B4765100583A58 /* TokenTransactionTableCell.swift */; };
		F9729C4520B49699003ACFB4 /* SetOceanView.swift in Sources */ = {isa = PBXBuildFile; fileRef = F9729C4420B49699003ACFB4 /* SetOceanView.swift */; };
		F98231F420B3D09600D6DE72 /* AppDelegate.swift in Sources */ = {isa = PBXBuildFile; fileRef = F98231F320B3D09600D6DE72 /* AppDelegate.swift */; };
		F98231F620B3D09600D6DE72 /* art.scnassets in Resources */ = {isa = PBXBuildFile; fileRef = F98231F520B3D09600D6DE72 /* art.scnassets */; };
		F98231F820B3D09600D6DE72 /* ViewController.swift in Sources */ = {isa = PBXBuildFile; fileRef = F98231F720B3D09600D6DE72 /* ViewController.swift */; };
		F98231FB20B3D09600D6DE72 /* Main.storyboard in Resources */ = {isa = PBXBuildFile; fileRef = F98231F920B3D09600D6DE72 /* Main.storyboard */; };
		F98231FD20B3D09600D6DE72 /* Assets.xcassets in Resources */ = {isa = PBXBuildFile; fileRef = F98231FC20B3D09600D6DE72 /* Assets.xcassets */; };
		F982320020B3D09600D6DE72 /* LaunchScreen.storyboard in Resources */ = {isa = PBXBuildFile; fileRef = F98231FE20B3D09600D6DE72 /* LaunchScreen.storyboard */; };
		F9A6207D20CC9CCB00206ADE /* PriceData.swift in Sources */ = {isa = PBXBuildFile; fileRef = F9A6207C20CC9CCB00206ADE /* PriceData.swift */; };
		F9A6207F20CCB83E00206ADE /* Array.swift in Sources */ = {isa = PBXBuildFile; fileRef = F9A6207E20CCB83E00206ADE /* Array.swift */; };
/* End PBXBuildFile section */

/* Begin PBXFileReference section */
		2810326D90EE4A2558FEAA1D /* Pods_EthereumVisualizer.framework */ = {isa = PBXFileReference; explicitFileType = wrapper.framework; includeInIndex = 0; path = Pods_EthereumVisualizer.framework; sourceTree = BUILT_PRODUCTS_DIR; };
		AD7B641E7504D343744AA0B8 /* Pods-EthereumVisualizer.release.xcconfig */ = {isa = PBXFileReference; includeInIndex = 1; lastKnownFileType = text.xcconfig; name = "Pods-EthereumVisualizer.release.xcconfig"; path = "Pods/Target Support Files/Pods-EthereumVisualizer/Pods-EthereumVisualizer.release.xcconfig"; sourceTree = "<group>"; };
		E28CA0A65E79C04871E31E02 /* Pods-EthereumVisualizer.debug.xcconfig */ = {isa = PBXFileReference; includeInIndex = 1; lastKnownFileType = text.xcconfig; name = "Pods-EthereumVisualizer.debug.xcconfig"; path = "Pods/Target Support Files/Pods-EthereumVisualizer/Pods-EthereumVisualizer.debug.xcconfig"; sourceTree = "<group>"; };
		F931917620B3E1EF00583A58 /* ApiClient.swift */ = {isa = PBXFileReference; lastKnownFileType = sourcecode.swift; path = ApiClient.swift; sourceTree = "<group>"; };
		F931917920B3E22D00583A58 /* String.swift */ = {isa = PBXFileReference; lastKnownFileType = sourcecode.swift; path = String.swift; sourceTree = "<group>"; };
		F931917B20B3E2A800583A58 /* Transaction.swift */ = {isa = PBXFileReference; lastKnownFileType = sourcecode.swift; path = Transaction.swift; sourceTree = "<group>"; };
		F931917D20B3E67F00583A58 /* GeneralHelper.swift */ = {isa = PBXFileReference; lastKnownFileType = sourcecode.swift; path = GeneralHelper.swift; sourceTree = "<group>"; };
		F931917F20B3E68600583A58 /* UIViewController.swift */ = {isa = PBXFileReference; lastKnownFileType = sourcecode.swift; path = UIViewController.swift; sourceTree = "<group>"; };
		F931918120B3E7D500583A58 /* Constants.swift */ = {isa = PBXFileReference; lastKnownFileType = sourcecode.swift; path = Constants.swift; sourceTree = "<group>"; };
		F931918320B3E82B00583A58 /* Token.swift */ = {isa = PBXFileReference; lastKnownFileType = sourcecode.swift; path = Token.swift; sourceTree = "<group>"; };
		F931918520B3F70D00583A58 /* Block.swift */ = {isa = PBXFileReference; lastKnownFileType = sourcecode.swift; path = Block.swift; sourceTree = "<group>"; };
		F931918720B46FAF00583A58 /* DataViewController.swift */ = {isa = PBXFileReference; lastKnownFileType = sourcecode.swift; path = DataViewController.swift; sourceTree = "<group>"; };
		F931918A20B4765100583A58 /* TokenTransactionTableCell.swift */ = {isa = PBXFileReference; lastKnownFileType = sourcecode.swift; path = TokenTransactionTableCell.swift; sourceTree = "<group>"; };
		F9729C4420B49699003ACFB4 /* SetOceanView.swift */ = {isa = PBXFileReference; lastKnownFileType = sourcecode.swift; path = SetOceanView.swift; sourceTree = "<group>"; };
		F98231F020B3D09600D6DE72 /* EthereumVisualizer.app */ = {isa = PBXFileReference; explicitFileType = wrapper.application; includeInIndex = 0; path = EthereumVisualizer.app; sourceTree = BUILT_PRODUCTS_DIR; };
		F98231F320B3D09600D6DE72 /* AppDelegate.swift */ = {isa = PBXFileReference; lastKnownFileType = sourcecode.swift; path = AppDelegate.swift; sourceTree = "<group>"; };
		F98231F520B3D09600D6DE72 /* art.scnassets */ = {isa = PBXFileReference; lastKnownFileType = wrapper.scnassets; path = art.scnassets; sourceTree = "<group>"; };
		F98231F720B3D09600D6DE72 /* ViewController.swift */ = {isa = PBXFileReference; lastKnownFileType = sourcecode.swift; path = ViewController.swift; sourceTree = "<group>"; };
		F98231FA20B3D09600D6DE72 /* Base */ = {isa = PBXFileReference; lastKnownFileType = file.storyboard; name = Base; path = Base.lproj/Main.storyboard; sourceTree = "<group>"; };
		F98231FC20B3D09600D6DE72 /* Assets.xcassets */ = {isa = PBXFileReference; lastKnownFileType = folder.assetcatalog; path = Assets.xcassets; sourceTree = "<group>"; };
		F98231FF20B3D09600D6DE72 /* Base */ = {isa = PBXFileReference; lastKnownFileType = file.storyboard; name = Base; path = Base.lproj/LaunchScreen.storyboard; sourceTree = "<group>"; };
		F982320120B3D09600D6DE72 /* Info.plist */ = {isa = PBXFileReference; lastKnownFileType = text.plist.xml; path = Info.plist; sourceTree = "<group>"; };
		F9A6207C20CC9CCB00206ADE /* PriceData.swift */ = {isa = PBXFileReference; lastKnownFileType = sourcecode.swift; path = PriceData.swift; sourceTree = "<group>"; };
		F9A6207E20CCB83E00206ADE /* Array.swift */ = {isa = PBXFileReference; lastKnownFileType = sourcecode.swift; path = Array.swift; sourceTree = "<group>"; };
/* End PBXFileReference section */

/* Begin PBXFrameworksBuildPhase section */
		F98231ED20B3D09500D6DE72 /* Frameworks */ = {
			isa = PBXFrameworksBuildPhase;
			buildActionMask = 2147483647;
			files = (
				B71D8D2FBF3F528897924191 /* Pods_EthereumVisualizer.framework in Frameworks */,
			);
			runOnlyForDeploymentPostprocessing = 0;
		};
/* End PBXFrameworksBuildPhase section */

/* Begin PBXGroup section */
		50A62947069413A00BF6F9A2 /* Frameworks */ = {
			isa = PBXGroup;
			children = (
				2810326D90EE4A2558FEAA1D /* Pods_EthereumVisualizer.framework */,
			);
			name = Frameworks;
			sourceTree = "<group>";
		};
		D5856B8F4A632EA76B412E25 /* Pods */ = {
			isa = PBXGroup;
			children = (
				E28CA0A65E79C04871E31E02 /* Pods-EthereumVisualizer.debug.xcconfig */,
				AD7B641E7504D343744AA0B8 /* Pods-EthereumVisualizer.release.xcconfig */,
			);
			name = Pods;
			sourceTree = "<group>";
		};
		F931917220B3E1CC00583A58 /* Network */ = {
			isa = PBXGroup;
			children = (
				F931917620B3E1EF00583A58 /* ApiClient.swift */,
			);
			path = Network;
			sourceTree = "<group>";
		};
		F931917320B3E1DA00583A58 /* ViewControllers */ = {
			isa = PBXGroup;
			children = (
				F98231F720B3D09600D6DE72 /* ViewController.swift */,
				F931918720B46FAF00583A58 /* DataViewController.swift */,
			);
			path = ViewControllers;
			sourceTree = "<group>";
		};
		F931917420B3E1E100583A58 /* Shared */ = {
			isa = PBXGroup;
			children = (
				F931917D20B3E67F00583A58 /* GeneralHelper.swift */,
				F931918120B3E7D500583A58 /* Constants.swift */,
			);
			path = Shared;
			sourceTree = "<group>";
		};
		F931917520B3E1E600583A58 /* Models */ = {
			isa = PBXGroup;
			children = (
				F931917B20B3E2A800583A58 /* Transaction.swift */,
				F931918320B3E82B00583A58 /* Token.swift */,
				F931918520B3F70D00583A58 /* Block.swift */,
				F9A6207C20CC9CCB00206ADE /* PriceData.swift */,
			);
			path = Models;
			sourceTree = "<group>";
		};
		F931917820B3E22600583A58 /* Extensions */ = {
			isa = PBXGroup;
			children = (
				F931917920B3E22D00583A58 /* String.swift */,
				F931917F20B3E68600583A58 /* UIViewController.swift */,
				F9A6207E20CCB83E00206ADE /* Array.swift */,
			);
			path = Extensions;
			sourceTree = "<group>";
		};
		F931918920B4763100583A58 /* Cells */ = {
			isa = PBXGroup;
			children = (
				F931918A20B4765100583A58 /* TokenTransactionTableCell.swift */,
			);
			path = Cells;
			sourceTree = "<group>";
		};
		F9729C4320B49679003ACFB4 /* Views */ = {
			isa = PBXGroup;
			children = (
				F9729C4420B49699003ACFB4 /* SetOceanView.swift */,
			);
			path = Views;
			sourceTree = "<group>";
		};
		F98231E720B3D09500D6DE72 = {
			isa = PBXGroup;
			children = (
				F98231F220B3D09600D6DE72 /* EthereumVisualizer */,
				F98231F120B3D09600D6DE72 /* Products */,
				D5856B8F4A632EA76B412E25 /* Pods */,
				50A62947069413A00BF6F9A2 /* Frameworks */,
			);
			sourceTree = "<group>";
		};
		F98231F120B3D09600D6DE72 /* Products */ = {
			isa = PBXGroup;
			children = (
				F98231F020B3D09600D6DE72 /* EthereumVisualizer.app */,
			);
			name = Products;
			sourceTree = "<group>";
		};
		F98231F220B3D09600D6DE72 /* EthereumVisualizer */ = {
			isa = PBXGroup;
			children = (
				F9729C4320B49679003ACFB4 /* Views */,
				F931918920B4763100583A58 /* Cells */,
				F931917820B3E22600583A58 /* Extensions */,
				F931917520B3E1E600583A58 /* Models */,
				F931917420B3E1E100583A58 /* Shared */,
				F931917320B3E1DA00583A58 /* ViewControllers */,
				F931917220B3E1CC00583A58 /* Network */,
				F98231F320B3D09600D6DE72 /* AppDelegate.swift */,
				F98231F520B3D09600D6DE72 /* art.scnassets */,
				F98231F920B3D09600D6DE72 /* Main.storyboard */,
				F98231FC20B3D09600D6DE72 /* Assets.xcassets */,
				F98231FE20B3D09600D6DE72 /* LaunchScreen.storyboard */,
				F982320120B3D09600D6DE72 /* Info.plist */,
			);
			path = EthereumVisualizer;
			sourceTree = "<group>";
		};
/* End PBXGroup section */

/* Begin PBXNativeTarget section */
		F98231EF20B3D09500D6DE72 /* EthereumVisualizer */ = {
			isa = PBXNativeTarget;
			buildConfigurationList = F982320420B3D09600D6DE72 /* Build configuration list for PBXNativeTarget "EthereumVisualizer" */;
			buildPhases = (
				FF210B10BB4206582C141D28 /* [CP] Check Pods Manifest.lock */,
				F98231EC20B3D09500D6DE72 /* Sources */,
				F98231ED20B3D09500D6DE72 /* Frameworks */,
				F98231EE20B3D09500D6DE72 /* Resources */,
				CE15D76BE3C7DCCFD495A705 /* [CP] Embed Pods Frameworks */,
			);
			buildRules = (
			);
			dependencies = (
			);
			name = EthereumVisualizer;
			productName = EthereumVisualizer;
			productReference = F98231F020B3D09600D6DE72 /* EthereumVisualizer.app */;
			productType = "com.apple.product-type.application";
		};
/* End PBXNativeTarget section */

/* Begin PBXProject section */
		F98231E820B3D09500D6DE72 /* Project object */ = {
			isa = PBXProject;
			attributes = {
				LastSwiftUpdateCheck = 0920;
				LastUpgradeCheck = 0920;
				ORGANIZATIONNAME = SetOcean;
				TargetAttributes = {
					F98231EF20B3D09500D6DE72 = {
						CreatedOnToolsVersion = 9.2;
						ProvisioningStyle = Automatic;
					};
				};
			};
			buildConfigurationList = F98231EB20B3D09500D6DE72 /* Build configuration list for PBXProject "EthereumVisualizer" */;
			compatibilityVersion = "Xcode 8.0";
			developmentRegion = en;
			hasScannedForEncodings = 0;
			knownRegions = (
				en,
				Base,
			);
			mainGroup = F98231E720B3D09500D6DE72;
			productRefGroup = F98231F120B3D09600D6DE72 /* Products */;
			projectDirPath = "";
			projectRoot = "";
			targets = (
				F98231EF20B3D09500D6DE72 /* EthereumVisualizer */,
			);
		};
/* End PBXProject section */

/* Begin PBXResourcesBuildPhase section */
		F98231EE20B3D09500D6DE72 /* Resources */ = {
			isa = PBXResourcesBuildPhase;
			buildActionMask = 2147483647;
			files = (
				F98231F620B3D09600D6DE72 /* art.scnassets in Resources */,
				F982320020B3D09600D6DE72 /* LaunchScreen.storyboard in Resources */,
				F98231FD20B3D09600D6DE72 /* Assets.xcassets in Resources */,
				F98231FB20B3D09600D6DE72 /* Main.storyboard in Resources */,
			);
			runOnlyForDeploymentPostprocessing = 0;
		};
/* End PBXResourcesBuildPhase section */

/* Begin PBXShellScriptBuildPhase section */
		CE15D76BE3C7DCCFD495A705 /* [CP] Embed Pods Frameworks */ = {
			isa = PBXShellScriptBuildPhase;
			buildActionMask = 2147483647;
			files = (
			);
			inputPaths = (
				"${SRCROOT}/Pods/Target Support Files/Pods-EthereumVisualizer/Pods-EthereumVisualizer-frameworks.sh",
				"${BUILT_PRODUCTS_DIR}/Alamofire/Alamofire.framework",
				"${BUILT_PRODUCTS_DIR}/Kingfisher/Kingfisher.framework",
				"${BUILT_PRODUCTS_DIR}/PromiseKit/PromiseKit.framework",
				"${BUILT_PRODUCTS_DIR}/SwiftyJSON/SwiftyJSON.framework",
			);
			name = "[CP] Embed Pods Frameworks";
			outputPaths = (
				"${TARGET_BUILD_DIR}/${FRAMEWORKS_FOLDER_PATH}/Alamofire.framework",
				"${TARGET_BUILD_DIR}/${FRAMEWORKS_FOLDER_PATH}/Kingfisher.framework",
				"${TARGET_BUILD_DIR}/${FRAMEWORKS_FOLDER_PATH}/PromiseKit.framework",
				"${TARGET_BUILD_DIR}/${FRAMEWORKS_FOLDER_PATH}/SwiftyJSON.framework",
			);
			runOnlyForDeploymentPostprocessing = 0;
			shellPath = /bin/sh;
			shellScript = "\"${SRCROOT}/Pods/Target Support Files/Pods-EthereumVisualizer/Pods-EthereumVisualizer-frameworks.sh\"\n";
			showEnvVarsInLog = 0;
		};
		FF210B10BB4206582C141D28 /* [CP] Check Pods Manifest.lock */ = {
			isa = PBXShellScriptBuildPhase;
			buildActionMask = 2147483647;
			files = (
			);
			inputPaths = (
				"${PODS_PODFILE_DIR_PATH}/Podfile.lock",
				"${PODS_ROOT}/Manifest.lock",
			);
			name = "[CP] Check Pods Manifest.lock";
			outputPaths = (
				"$(DERIVED_FILE_DIR)/Pods-EthereumVisualizer-checkManifestLockResult.txt",
			);
			runOnlyForDeploymentPostprocessing = 0;
			shellPath = /bin/sh;
			shellScript = "diff \"${PODS_PODFILE_DIR_PATH}/Podfile.lock\" \"${PODS_ROOT}/Manifest.lock\" > /dev/null\nif [ $? != 0 ] ; then\n    # print error to STDERR\n    echo \"error: The sandbox is not in sync with the Podfile.lock. Run 'pod install' or update your CocoaPods installation.\" >&2\n    exit 1\nfi\n# This output is used by Xcode 'outputs' to avoid re-running this script phase.\necho \"SUCCESS\" > \"${SCRIPT_OUTPUT_FILE_0}\"\n";
			showEnvVarsInLog = 0;
		};
/* End PBXShellScriptBuildPhase section */

/* Begin PBXSourcesBuildPhase section */
		F98231EC20B3D09500D6DE72 /* Sources */ = {
			isa = PBXSourcesBuildPhase;
			buildActionMask = 2147483647;
			files = (
				F9729C4520B49699003ACFB4 /* SetOceanView.swift in Sources */,
				F931918420B3E82B00583A58 /* Token.swift in Sources */,
				F931918020B3E68600583A58 /* UIViewController.swift in Sources */,
				F98231F820B3D09600D6DE72 /* ViewController.swift in Sources */,
				F98231F420B3D09600D6DE72 /* AppDelegate.swift in Sources */,
				F931917E20B3E67F00583A58 /* GeneralHelper.swift in Sources */,
				F9A6207F20CCB83E00206ADE /* Array.swift in Sources */,
				F931917A20B3E22D00583A58 /* String.swift in Sources */,
				F931917720B3E1EF00583A58 /* ApiClient.swift in Sources */,
				F931918620B3F70D00583A58 /* Block.swift in Sources */,
				F9A6207D20CC9CCB00206ADE /* PriceData.swift in Sources */,
				F931917C20B3E2A800583A58 /* Transaction.swift in Sources */,
				F931918B20B4765100583A58 /* TokenTransactionTableCell.swift in Sources */,
				F931918220B3E7D500583A58 /* Constants.swift in Sources */,
				F931918820B46FAF00583A58 /* DataViewController.swift in Sources */,
			);
			runOnlyForDeploymentPostprocessing = 0;
		};
/* End PBXSourcesBuildPhase section */

/* Begin PBXVariantGroup section */
		F98231F920B3D09600D6DE72 /* Main.storyboard */ = {
			isa = PBXVariantGroup;
			children = (
				F98231FA20B3D09600D6DE72 /* Base */,
			);
			name = Main.storyboard;
			sourceTree = "<group>";
		};
		F98231FE20B3D09600D6DE72 /* LaunchScreen.storyboard */ = {
			isa = PBXVariantGroup;
			children = (
				F98231FF20B3D09600D6DE72 /* Base */,
			);
			name = LaunchScreen.storyboard;
			sourceTree = "<group>";
		};
/* End PBXVariantGroup section */

/* Begin XCBuildConfiguration section */
		F982320220B3D09600D6DE72 /* Debug */ = {
			isa = XCBuildConfiguration;
			buildSettings = {
				ALWAYS_SEARCH_USER_PATHS = NO;
				CLANG_ANALYZER_NONNULL = YES;
				CLANG_ANALYZER_NUMBER_OBJECT_CONVERSION = YES_AGGRESSIVE;
				CLANG_CXX_LANGUAGE_STANDARD = "gnu++14";
				CLANG_CXX_LIBRARY = "libc++";
				CLANG_ENABLE_MODULES = YES;
				CLANG_ENABLE_OBJC_ARC = YES;
				CLANG_WARN_BLOCK_CAPTURE_AUTORELEASING = YES;
				CLANG_WARN_BOOL_CONVERSION = YES;
				CLANG_WARN_COMMA = YES;
				CLANG_WARN_CONSTANT_CONVERSION = YES;
				CLANG_WARN_DIRECT_OBJC_ISA_USAGE = YES_ERROR;
				CLANG_WARN_DOCUMENTATION_COMMENTS = YES;
				CLANG_WARN_EMPTY_BODY = YES;
				CLANG_WARN_ENUM_CONVERSION = YES;
				CLANG_WARN_INFINITE_RECURSION = YES;
				CLANG_WARN_INT_CONVERSION = YES;
				CLANG_WARN_NON_LITERAL_NULL_CONVERSION = YES;
				CLANG_WARN_OBJC_LITERAL_CONVERSION = YES;
				CLANG_WARN_OBJC_ROOT_CLASS = YES_ERROR;
				CLANG_WARN_RANGE_LOOP_ANALYSIS = YES;
				CLANG_WARN_STRICT_PROTOTYPES = YES;
				CLANG_WARN_SUSPICIOUS_MOVE = YES;
				CLANG_WARN_UNGUARDED_AVAILABILITY = YES_AGGRESSIVE;
				CLANG_WARN_UNREACHABLE_CODE = YES;
				CLANG_WARN__DUPLICATE_METHOD_MATCH = YES;
				CODE_SIGN_IDENTITY = "iPhone Developer";
				COPY_PHASE_STRIP = NO;
				DEBUG_INFORMATION_FORMAT = dwarf;
				ENABLE_STRICT_OBJC_MSGSEND = YES;
				ENABLE_TESTABILITY = YES;
				GCC_C_LANGUAGE_STANDARD = gnu11;
				GCC_DYNAMIC_NO_PIC = NO;
				GCC_NO_COMMON_BLOCKS = YES;
				GCC_OPTIMIZATION_LEVEL = 0;
				GCC_PREPROCESSOR_DEFINITIONS = (
					"DEBUG=1",
					"$(inherited)",
				);
				GCC_WARN_64_TO_32_BIT_CONVERSION = YES;
				GCC_WARN_ABOUT_RETURN_TYPE = YES_ERROR;
				GCC_WARN_UNDECLARED_SELECTOR = YES;
				GCC_WARN_UNINITIALIZED_AUTOS = YES_AGGRESSIVE;
				GCC_WARN_UNUSED_FUNCTION = YES;
				GCC_WARN_UNUSED_VARIABLE = YES;
				IPHONEOS_DEPLOYMENT_TARGET = 11.2;
				MTL_ENABLE_DEBUG_INFO = YES;
				ONLY_ACTIVE_ARCH = YES;
				SDKROOT = iphoneos;
				SWIFT_ACTIVE_COMPILATION_CONDITIONS = DEBUG;
				SWIFT_OPTIMIZATION_LEVEL = "-Onone";
			};
			name = Debug;
		};
		F982320320B3D09600D6DE72 /* Release */ = {
			isa = XCBuildConfiguration;
			buildSettings = {
				ALWAYS_SEARCH_USER_PATHS = NO;
				CLANG_ANALYZER_NONNULL = YES;
				CLANG_ANALYZER_NUMBER_OBJECT_CONVERSION = YES_AGGRESSIVE;
				CLANG_CXX_LANGUAGE_STANDARD = "gnu++14";
				CLANG_CXX_LIBRARY = "libc++";
				CLANG_ENABLE_MODULES = YES;
				CLANG_ENABLE_OBJC_ARC = YES;
				CLANG_WARN_BLOCK_CAPTURE_AUTORELEASING = YES;
				CLANG_WARN_BOOL_CONVERSION = YES;
				CLANG_WARN_COMMA = YES;
				CLANG_WARN_CONSTANT_CONVERSION = YES;
				CLANG_WARN_DIRECT_OBJC_ISA_USAGE = YES_ERROR;
				CLANG_WARN_DOCUMENTATION_COMMENTS = YES;
				CLANG_WARN_EMPTY_BODY = YES;
				CLANG_WARN_ENUM_CONVERSION = YES;
				CLANG_WARN_INFINITE_RECURSION = YES;
				CLANG_WARN_INT_CONVERSION = YES;
				CLANG_WARN_NON_LITERAL_NULL_CONVERSION = YES;
				CLANG_WARN_OBJC_LITERAL_CONVERSION = YES;
				CLANG_WARN_OBJC_ROOT_CLASS = YES_ERROR;
				CLANG_WARN_RANGE_LOOP_ANALYSIS = YES;
				CLANG_WARN_STRICT_PROTOTYPES = YES;
				CLANG_WARN_SUSPICIOUS_MOVE = YES;
				CLANG_WARN_UNGUARDED_AVAILABILITY = YES_AGGRESSIVE;
				CLANG_WARN_UNREACHABLE_CODE = YES;
				CLANG_WARN__DUPLICATE_METHOD_MATCH = YES;
				CODE_SIGN_IDENTITY = "iPhone Developer";
				COPY_PHASE_STRIP = NO;
				DEBUG_INFORMATION_FORMAT = "dwarf-with-dsym";
				ENABLE_NS_ASSERTIONS = NO;
				ENABLE_STRICT_OBJC_MSGSEND = YES;
				GCC_C_LANGUAGE_STANDARD = gnu11;
				GCC_NO_COMMON_BLOCKS = YES;
				GCC_WARN_64_TO_32_BIT_CONVERSION = YES;
				GCC_WARN_ABOUT_RETURN_TYPE = YES_ERROR;
				GCC_WARN_UNDECLARED_SELECTOR = YES;
				GCC_WARN_UNINITIALIZED_AUTOS = YES_AGGRESSIVE;
				GCC_WARN_UNUSED_FUNCTION = YES;
				GCC_WARN_UNUSED_VARIABLE = YES;
				IPHONEOS_DEPLOYMENT_TARGET = 11.2;
				MTL_ENABLE_DEBUG_INFO = NO;
				SDKROOT = iphoneos;
				SWIFT_OPTIMIZATION_LEVEL = "-Owholemodule";
				VALIDATE_PRODUCT = YES;
			};
			name = Release;
		};
		F982320520B3D09600D6DE72 /* Debug */ = {
			isa = XCBuildConfiguration;
			baseConfigurationReference = E28CA0A65E79C04871E31E02 /* Pods-EthereumVisualizer.debug.xcconfig */;
			buildSettings = {
				ASSETCATALOG_COMPILER_APPICON_NAME = AppIcon;
				CODE_SIGN_STYLE = Automatic;
				DEVELOPMENT_TEAM = 78H8U3UG2J;
				INFOPLIST_FILE = EthereumVisualizer/Info.plist;
				LD_RUNPATH_SEARCH_PATHS = "$(inherited) @executable_path/Frameworks";
				PRODUCT_BUNDLE_IDENTIFIER = com.setocean.EthereumVisualizer;
				PRODUCT_NAME = "$(TARGET_NAME)";
				SWIFT_VERSION = 4.0;
				TARGETED_DEVICE_FAMILY = "1,2";
			};
			name = Debug;
		};
		F982320620B3D09600D6DE72 /* Release */ = {
			isa = XCBuildConfiguration;
			baseConfigurationReference = AD7B641E7504D343744AA0B8 /* Pods-EthereumVisualizer.release.xcconfig */;
			buildSettings = {
				ASSETCATALOG_COMPILER_APPICON_NAME = AppIcon;
				CODE_SIGN_STYLE = Automatic;
				DEVELOPMENT_TEAM = 78H8U3UG2J;
				INFOPLIST_FILE = EthereumVisualizer/Info.plist;
				LD_RUNPATH_SEARCH_PATHS = "$(inherited) @executable_path/Frameworks";
				PRODUCT_BUNDLE_IDENTIFIER = com.setocean.EthereumVisualizer;
				PRODUCT_NAME = "$(TARGET_NAME)";
				SWIFT_VERSION = 4.0;
				TARGETED_DEVICE_FAMILY = "1,2";
			};
			name = Release;
		};
/* End XCBuildConfiguration section */

/* Begin XCConfigurationList section */
		F98231EB20B3D09500D6DE72 /* Build configuration list for PBXProject "EthereumVisualizer" */ = {
			isa = XCConfigurationList;
			buildConfigurations = (
				F982320220B3D09600D6DE72 /* Debug */,
				F982320320B3D09600D6DE72 /* Release */,
			);
			defaultConfigurationIsVisible = 0;
			defaultConfigurationName = Release;
		};
		F982320420B3D09600D6DE72 /* Build configuration list for PBXNativeTarget "EthereumVisualizer" */ = {
			isa = XCConfigurationList;
			buildConfigurations = (
				F982320520B3D09600D6DE72 /* Debug */,
				F982320620B3D09600D6DE72 /* Release */,
			);
			defaultConfigurationIsVisible = 0;
			defaultConfigurationName = Release;
		};
/* End XCConfigurationList section */
	};
	rootObject = F98231E820B3D09500D6DE72 /* Project object */;
}
